
Microsoft Visual Studio Solution File, Format Version 12.00
# Visual Studio Version 17
VisualStudioVersion = 17.8.34525.116
MinimumVisualStudioVersion = 10.0.40219.1
Project("{FAE04EC0-301F-11D3-BF4B-00C04F79EFBC}") = "final project", "final project\final project.csproj", "{8BAFD919-9FF8-4F4C-9219-97AF5B13A614}"
EndProject
Global
	GlobalSection(SolutionConfigurationPlatforms) = preSolution
		Debug|Any CPU = Debug|Any CPU
		Release|Any CPU = Release|Any CPU
	EndGlobalSection
	GlobalSection(ProjectConfigurationPlatforms) = postSolution
		{8BAFD919-9FF8-4F4C-9219-97AF5B13A614}.Debug|Any CPU.ActiveCfg = Debug|Any CPU
		{8BAFD919-9FF8-4F4C-9219-97AF5B13A614}.Debug|Any CPU.Build.0 = Debug|Any CPU
		{8BAFD919-9FF8-4F4C-9219-97AF5B13A614}.Release|Any CPU.ActiveCfg = Release|Any CPU
		{8BAFD919-9FF8-4F4C-9219-97AF5B13A614}.Release|Any CPU.Build.0 = Release|Any CPU
	EndGlobalSection
	GlobalSection(SolutionProperties) = preSolution
		HideSolutionNode = FALSE
	EndGlobalSection
	GlobalSection(ExtensibilityGlobals) = postSolution
		SolutionGuid = {18DEAA6F-A118-4184-B8C6-76982E1EEFD1}
	EndGlobalSection
EndGlobal
